
Microsoft Visual Studio Solution File, Format Version 12.00
# Visual Studio Version 17
VisualStudioVersion = 17.14.36603.0 d17.14
MinimumVisualStudioVersion = 10.0.40219.1
Project("{FAE04EC0-301F-11D3-BF4B-00C04F79EFBC}") = "LEARN_CS", "LEARN_CS.csproj", "{21ABE514-01E1-4BB7-923C-58FC863F7B0F}"
EndProject
Global
	GlobalSection(SolutionConfigurationPlatforms) = preSolution
		Debug|Any CPU = Debug|Any CPU
		Release|Any CPU = Release|Any CPU
	EndGlobalSection
	GlobalSection(ProjectConfigurationPlatforms) = postSolution
		{21ABE514-01E1-4BB7-923C-58FC863F7B0F}.Debug|Any CPU.ActiveCfg = Debug|Any CPU
		{21ABE514-01E1-4BB7-923C-58FC863F7B0F}.Debug|Any CPU.Build.0 = Debug|Any CPU
		{21ABE514-01E1-4BB7-923C-58FC863F7B0F}.Release|Any CPU.ActiveCfg = Release|Any CPU
		{21ABE514-01E1-4BB7-923C-58FC863F7B0F}.Release|Any CPU.Build.0 = Release|Any CPU
	EndGlobalSection
	GlobalSection(SolutionProperties) = preSolution
		HideSolutionNode = FALSE
	EndGlobalSection
	GlobalSection(ExtensibilityGlobals) = postSolution
		SolutionGuid = {4E6C80D5-435B-4AEE-93AB-5D8F49C267CA}
	EndGlobalSection
EndGlobal
